# THIS IS AN AUTOGENERATED FILE. DO NOT EDIT THIS FILE DIRECTLY.
# yarn lockfile v1


create-react-native-app@^3.8.0:
  version "3.8.0"
  resolved "https://registry.yarnpkg.com/create-react-native-app/-/create-react-native-app-3.8.0.tgz#eaef27fa4ec67ff907c239259e861c4ae68f35ac"
  integrity sha512-IAdWaSnaOof44HvsLInWVpzSdaaBchn54HtXICRBPXIA18NllLC4G+pckKKC+ONF2/TOlsS99CYhcL7k7PYL6w==

react-native-base64@^0.2.1:
  version "0.2.1"
  resolved "https://registry.yarnpkg.com/react-native-base64/-/react-native-base64-0.2.1.tgz#3d0e73a649c4c0129f7b7695d3912456aebae847"
  integrity sha512-eHgt/MA8y5ZF0aHfZ1aTPcIkDWxza9AaEk4GcpIX+ZYfZ04RcaNahO+527KR7J44/mD3efYfM23O2C1N44ByWA==
